
Microsoft Visual Studio Solution File, Format Version 12.00
# Visual Studio 2012
Project("{8BC9CEB8-8B4A-11D0-8D11-00A0C91BC942}") = "Project1", "Project1\Project1.vcxproj", "{C590D98E-2AF3-4F32-8C1B-BB143CD0954F}"
EndProject
Global
	GlobalSection(SolutionConfigurationPlatforms) = preSolution
		Debug|Win32 = Debug|Win32
		Release|Win32 = Release|Win32
	EndGlobalSection
	GlobalSection(ProjectConfigurationPlatforms) = postSolution
		{C590D98E-2AF3-4F32-8C1B-BB143CD0954F}.Debug|Win32.ActiveCfg = Debug|Win32
		{C590D98E-2AF3-4F32-8C1B-BB143CD0954F}.Debug|Win32.Build.0 = Debug|Win32
		{C590D98E-2AF3-4F32-8C1B-BB143CD0954F}.Release|Win32.ActiveCfg = Release|Win32
		{C590D98E-2AF3-4F32-8C1B-BB143CD0954F}.Release|Win32.Build.0 = Release|Win32
	EndGlobalSection
	GlobalSection(SolutionProperties) = preSolution
		HideSolutionNode = FALSE
	EndGlobalSection
EndGlobal
